// !$*UTF8*$!
{
	archiveVersion = 1;
	classes = {
	};
	objectVersion = 46;
	objects = {

/* Begin PBXBuildFile section */
		3FB564EC170110C200C74BB0 /* UIKit.framework in Frameworks */ = {isa = PBXBuildFile; fileRef = 3FB564EB170110C200C74BB0 /* UIKit.framework */; };
		3FB564EE170110C200C74BB0 /* Foundation.framework in Frameworks */ = {isa = PBXBuildFile; fileRef = 3FB564ED170110C200C74BB0 /* Foundation.framework */; };
		3FB564F0170110C200C74BB0 /* CoreGraphics.framework in Frameworks */ = {isa = PBXBuildFile; fileRef = 3FB564EF170110C200C74BB0 /* CoreGraphics.framework */; };
		3FB564F6170110C200C74BB0 /* InfoPlist.strings in Resources */ = {isa = PBXBuildFile; fileRef = 3FB564F4170110C200C74BB0 /* InfoPlist.strings */; };
		3FB564F8170110C200C74BB0 /* main.m in Sources */ = {isa = PBXBuildFile; fileRef = 3FB564F7170110C200C74BB0 /* main.m */; };
		3FB564FC170110C200C74BB0 /* AppDelegate.m in Sources */ = {isa = PBXBuildFile; fileRef = 3FB564FB170110C200C74BB0 /* AppDelegate.m */; };
		3FB564FE170110C200C74BB0 /* Default.png in Resources */ = {isa = PBXBuildFile; fileRef = 3FB564FD170110C200C74BB0 /* Default.png */; };
		3FB56500170110C200C74BB0 /* Default@2x.png in Resources */ = {isa = PBXBuildFile; fileRef = 3FB564FF170110C200C74BB0 /* Default@2x.png */; };
		3FB56502170110C200C74BB0 /* Default-568h@2x.png in Resources */ = {isa = PBXBuildFile; fileRef = 3FB56501170110C200C74BB0 /* Default-568h@2x.png */; };
		3FB56505170110C200C74BB0 /* ViewController.m in Sources */ = {isa = PBXBuildFile; fileRef = 3FB56504170110C200C74BB0 /* ViewController.m */; };
		3FB565101701128200C74BB0 /* Item.m in Sources */ = {isa = PBXBuildFile; fileRef = 3FB5650F1701128200C74BB0 /* Item.m */; };
		3FB5651B17011A5000C74BB0 /* ItemStore.m in Sources */ = {isa = PBXBuildFile; fileRef = 3FB5651A17011A5000C74BB0 /* ItemStore.m */; };
		3FB5651E1701201000C74BB0 /* ViewController.xib in Resources */ = {isa = PBXBuildFile; fileRef = 3FB5651C1701201000C74BB0 /* ViewController.xib */; };
/* End PBXBuildFile section */

/* Begin PBXFileReference section */
		3FB564E7170110C200C74BB0 /* Practical2.app */ = {isa = PBXFileReference; explicitFileType = wrapper.application; includeInIndex = 0; path = Practical2.app; sourceTree = BUILT_PRODUCTS_DIR; };
		3FB564EB170110C200C74BB0 /* UIKit.framework */ = {isa = PBXFileReference; lastKnownFileType = wrapper.framework; name = UIKit.framework; path = System/Library/Frameworks/UIKit.framework; sourceTree = SDKROOT; };
		3FB564ED170110C200C74BB0 /* Foundation.framework */ = {isa = PBXFileReference; lastKnownFileType = wrapper.framework; name = Foundation.framework; path = System/Library/Frameworks/Foundation.framework; sourceTree = SDKROOT; };
		3FB564EF170110C200C74BB0 /* CoreGraphics.framework */ = {isa = PBXFileReference; lastKnownFileType = wrapper.framework; name = CoreGraphics.framework; path = System/Library/Frameworks/CoreGraphics.framework; sourceTree = SDKROOT; };
		3FB564F3170110C200C74BB0 /* Practical2-Info.plist */ = {isa = PBXFileReference; lastKnownFileType = text.plist.xml; path = "Practical2-Info.plist"; sourceTree = "<group>"; };
		3FB564F5170110C200C74BB0 /* en */ = {isa = PBXFileReference; lastKnownFileType = text.plist.strings; name = en; path = en.lproj/InfoPlist.strings; sourceTree = "<group>"; };
		3FB564F7170110C200C74BB0 /* main.m */ = {isa = PBXFileReference; lastKnownFileType = sourcecode.c.objc; path = main.m; sourceTree = "<group>"; };
		3FB564F9170110C200C74BB0 /* Practical2-Prefix.pch */ = {isa = PBXFileReference; lastKnownFileType = sourcecode.c.h; path = "Practical2-Prefix.pch"; sourceTree = "<group>"; };
		3FB564FA170110C200C74BB0 /* AppDelegate.h */ = {isa = PBXFileReference; lastKnownFileType = sourcecode.c.h; path = AppDelegate.h; sourceTree = "<group>"; };
		3FB564FB170110C200C74BB0 /* AppDelegate.m */ = {isa = PBXFileReference; lastKnownFileType = sourcecode.c.objc; path = AppDelegate.m; sourceTree = "<group>"; };
		3FB564FD170110C200C74BB0 /* Default.png */ = {isa = PBXFileReference; lastKnownFileType = image.png; path = Default.png; sourceTree = "<group>"; };
		3FB564FF170110C200C74BB0 /* Default@2x.png */ = {isa = PBXFileReference; lastKnownFileType = image.png; path = "Default@2x.png"; sourceTree = "<group>"; };
		3FB56501170110C200C74BB0 /* Default-568h@2x.png */ = {isa = PBXFileReference; lastKnownFileType = image.png; path = "Default-568h@2x.png"; sourceTree = "<group>"; };
		3FB56503170110C200C74BB0 /* ViewController.h */ = {isa = PBXFileReference; lastKnownFileType = sourcecode.c.h; path = ViewController.h; sourceTree = "<group>"; };
		3FB56504170110C200C74BB0 /* ViewController.m */ = {isa = PBXFileReference; lastKnownFileType = sourcecode.c.objc; path = ViewController.m; sourceTree = "<group>"; };
		3FB5650E1701128200C74BB0 /* Item.h */ = {isa = PBXFileReference; fileEncoding = 4; lastKnownFileType = sourcecode.c.h; path = Item.h; sourceTree = "<group>"; };
		3FB5650F1701128200C74BB0 /* Item.m */ = {isa = PBXFileReference; fileEncoding = 4; lastKnownFileType = sourcecode.c.objc; path = Item.m; sourceTree = "<group>"; };
		3FB5651917011A5000C74BB0 /* ItemStore.h */ = {isa = PBXFileReference; fileEncoding = 4; lastKnownFileType = sourcecode.c.h; path = ItemStore.h; sourceTree = "<group>"; };
		3FB5651A17011A5000C74BB0 /* ItemStore.m */ = {isa = PBXFileReference; fileEncoding = 4; lastKnownFileType = sourcecode.c.objc; path = ItemStore.m; sourceTree = "<group>"; };
		3FB5651D1701201000C74BB0 /* en */ = {isa = PBXFileReference; lastKnownFileType = file.xib; name = en; path = en.lproj/ViewController.xib; sourceTree = "<group>"; };
/* End PBXFileReference section */

/* Begin PBXFrameworksBuildPhase section */
		3FB564E4170110C200C74BB0 /* Frameworks */ = {
			isa = PBXFrameworksBuildPhase;
			buildActionMask = 2147483647;
			files = (
				3FB564EC170110C200C74BB0 /* UIKit.framework in Frameworks */,
				3FB564EE170110C200C74BB0 /* Foundation.framework in Frameworks */,
				3FB564F0170110C200C74BB0 /* CoreGraphics.framework in Frameworks */,
			);
			runOnlyForDeploymentPostprocessing = 0;
		};
/* End PBXFrameworksBuildPhase section */

/* Begin PBXGroup section */
		3FB564DC170110C200C74BB0 = {
			isa = PBXGroup;
			children = (
				3FB564F1170110C200C74BB0 /* Practical2 */,
				3FB564EA170110C200C74BB0 /* Frameworks */,
				3FB564E8170110C200C74BB0 /* Products */,
			);
			sourceTree = "<group>";
		};
		3FB564E8170110C200C74BB0 /* Products */ = {
			isa = PBXGroup;
			children = (
				3FB564E7170110C200C74BB0 /* Practical2.app */,
			);
			name = Products;
			sourceTree = "<group>";
		};
		3FB564EA170110C200C74BB0 /* Frameworks */ = {
			isa = PBXGroup;
			children = (
				3FB564EB170110C200C74BB0 /* UIKit.framework */,
				3FB564ED170110C200C74BB0 /* Foundation.framework */,
				3FB564EF170110C200C74BB0 /* CoreGraphics.framework */,
			);
			name = Frameworks;
			sourceTree = "<group>";
		};
		3FB564F1170110C200C74BB0 /* Practical2 */ = {
			isa = PBXGroup;
			children = (
				3FB5651C1701201000C74BB0 /* ViewController.xib */,
				3FB564FA170110C200C74BB0 /* AppDelegate.h */,
				3FB564FB170110C200C74BB0 /* AppDelegate.m */,
				3FB56503170110C200C74BB0 /* ViewController.h */,
				3FB56504170110C200C74BB0 /* ViewController.m */,
				3FB564F2170110C200C74BB0 /* Supporting Files */,
				3FB5650E1701128200C74BB0 /* Item.h */,
				3FB5650F1701128200C74BB0 /* Item.m */,
				3FB5651917011A5000C74BB0 /* ItemStore.h */,
				3FB5651A17011A5000C74BB0 /* ItemStore.m */,
			);
			path = Practical2;
			sourceTree = "<group>";
		};
		3FB564F2170110C200C74BB0 /* Supporting Files */ = {
			isa = PBXGroup;
			children = (
				3FB564F3170110C200C74BB0 /* Practical2-Info.plist */,
				3FB564F4170110C200C74BB0 /* InfoPlist.strings */,
				3FB564F7170110C200C74BB0 /* main.m */,
				3FB564F9170110C200C74BB0 /* Practical2-Prefix.pch */,
				3FB564FD170110C200C74BB0 /* Default.png */,
				3FB564FF170110C200C74BB0 /* Default@2x.png */,
				3FB56501170110C200C74BB0 /* Default-568h@2x.png */,
			);
			name = "Supporting Files";
			sourceTree = "<group>";
		};
/* End PBXGroup section */

/* Begin PBXNativeTarget section */
		3FB564E6170110C200C74BB0 /* Practical2 */ = {
			isa = PBXNativeTarget;
			buildConfigurationList = 3FB5650B170110C200C74BB0 /* Build configuration list for PBXNativeTarget "Practical2" */;
			buildPhases = (
				3FB564E3170110C200C74BB0 /* Sources */,
				3FB564E4170110C200C74BB0 /* Frameworks */,
				3FB564E5170110C200C74BB0 /* Resources */,
			);
			buildRules = (
			);
			dependencies = (
			);
			name = Practical2;
			productName = Practical2;
			productReference = 3FB564E7170110C200C74BB0 /* Practical2.app */;
			productType = "com.apple.product-type.application";
		};
/* End PBXNativeTarget section */

/* Begin PBXProject section */
		3FB564DE170110C200C74BB0 /* Project object */ = {
			isa = PBXProject;
			attributes = {
				LastUpgradeCheck = 0450;
				ORGANIZATIONNAME = student;
			};
			buildConfigurationList = 3FB564E1170110C200C74BB0 /* Build configuration list for PBXProject "Practical2" */;
			compatibilityVersion = "Xcode 3.2";
			developmentRegion = English;
			hasScannedForEncodings = 0;
			knownRegions = (
				en,
			);
			mainGroup = 3FB564DC170110C200C74BB0;
			productRefGroup = 3FB564E8170110C200C74BB0 /* Products */;
			projectDirPath = "";
			projectRoot = "";
			targets = (
				3FB564E6170110C200C74BB0 /* Practical2 */,
			);
		};
/* End PBXProject section */

/* Begin PBXResourcesBuildPhase section */
		3FB564E5170110C200C74BB0 /* Resources */ = {
			isa = PBXResourcesBuildPhase;
			buildActionMask = 2147483647;
			files = (
				3FB564F6170110C200C74BB0 /* InfoPlist.strings in Resources */,
				3FB564FE170110C200C74BB0 /* Default.png in Resources */,
				3FB56500170110C200C74BB0 /* Default@2x.png in Resources */,
				3FB56502170110C200C74BB0 /* Default-568h@2x.png in Resources */,
				3FB5651E1701201000C74BB0 /* ViewController.xib in Resources */,
			);
			runOnlyForDeploymentPostprocessing = 0;
		};
/* End PBXResourcesBuildPhase section */

/* Begin PBXSourcesBuildPhase section */
		3FB564E3170110C200C74BB0 /* Sources */ = {
			isa = PBXSourcesBuildPhase;
			buildActionMask = 2147483647;
			files = (
				3FB564F8170110C200C74BB0 /* main.m in Sources */,
				3FB564FC170110C200C74BB0 /* AppDelegate.m in Sources */,
				3FB56505170110C200C74BB0 /* ViewController.m in Sources */,
				3FB565101701128200C74BB0 /* Item.m in Sources */,
				3FB5651B17011A5000C74BB0 /* ItemStore.m in Sources */,
			);
			runOnlyForDeploymentPostprocessing = 0;
		};
/* End PBXSourcesBuildPhase section */

/* Begin PBXVariantGroup section */
		3FB564F4170110C200C74BB0 /* InfoPlist.strings */ = {
			isa = PBXVariantGroup;
			children = (
				3FB564F5170110C200C74BB0 /* en */,
			);
			name = InfoPlist.strings;
			sourceTree = "<group>";
		};
		3FB5651C1701201000C74BB0 /* ViewController.xib */ = {
			isa = PBXVariantGroup;
			children = (
				3FB5651D1701201000C74BB0 /* en */,
			);
			name = ViewController.xib;
			sourceTree = "<group>";
		};
/* End PBXVariantGroup section */

/* Begin XCBuildConfiguration section */
		3FB56509170110C200C74BB0 /* Debug */ = {
			isa = XCBuildConfiguration;
			buildSettings = {
				ALWAYS_SEARCH_USER_PATHS = NO;
				CLANG_CXX_LANGUAGE_STANDARD = "gnu++0x";
				CLANG_CXX_LIBRARY = "libc++";
				CLANG_ENABLE_OBJC_ARC = YES;
				CLANG_WARN_EMPTY_BODY = YES;
				CLANG_WARN__DUPLICATE_METHOD_MATCH = YES;
				"CODE_SIGN_IDENTITY[sdk=iphoneos*]" = "iPhone Developer";
				COPY_PHASE_STRIP = NO;
				GCC_C_LANGUAGE_STANDARD = gnu99;
				GCC_DYNAMIC_NO_PIC = NO;
				GCC_OPTIMIZATION_LEVEL = 0;
				GCC_PREPROCESSOR_DEFINITIONS = (
					"DEBUG=1",
					"$(inherited)",
				);
				GCC_SYMBOLS_PRIVATE_EXTERN = NO;
				GCC_WARN_ABOUT_RETURN_TYPE = YES;
				GCC_WARN_UNINITIALIZED_AUTOS = YES;
				GCC_WARN_UNUSED_VARIABLE = YES;
				IPHONEOS_DEPLOYMENT_TARGET = 6.0;
				ONLY_ACTIVE_ARCH = YES;
				SDKROOT = iphoneos;
			};
			name = Debug;
		};
		3FB5650A170110C200C74BB0 /* Release */ = {
			isa = XCBuildConfiguration;
			buildSettings = {
				ALWAYS_SEARCH_USER_PATHS = NO;
				CLANG_CXX_LANGUAGE_STANDARD = "gnu++0x";
				CLANG_CXX_LIBRARY = "libc++";
				CLANG_ENABLE_OBJC_ARC = YES;
				CLANG_WARN_EMPTY_BODY = YES;
				CLANG_WARN__DUPLICATE_METHOD_MATCH = YES;
				"CODE_SIGN_IDENTITY[sdk=iphoneos*]" = "iPhone Developer";
				COPY_PHASE_STRIP = YES;
				GCC_C_LANGUAGE_STANDARD = gnu99;
				GCC_WARN_ABOUT_RETURN_TYPE = YES;
				GCC_WARN_UNINITIALIZED_AUTOS = YES;
				GCC_WARN_UNUSED_VARIABLE = YES;
				IPHONEOS_DEPLOYMENT_TARGET = 6.0;
				OTHER_CFLAGS = "-DNS_BLOCK_ASSERTIONS=1";
				SDKROOT = iphoneos;
				VALIDATE_PRODUCT = YES;
			};
			name = Release;
		};
		3FB5650C170110C200C74BB0 /* Debug */ = {
			isa = XCBuildConfiguration;
			buildSettings = {
				GCC_PRECOMPILE_PREFIX_HEADER = YES;
				GCC_PREFIX_HEADER = "Practical2/Practical2-Prefix.pch";
				INFOPLIST_FILE = "Practical2/Practical2-Info.plist";
				PRODUCT_NAME = "$(TARGET_NAME)";
				WRAPPER_EXTENSION = app;
			};
			name = Debug;
		};
		3FB5650D170110C200C74BB0 /* Release */ = {
			isa = XCBuildConfiguration;
			buildSettings = {
				GCC_PRECOMPILE_PREFIX_HEADER = YES;
				GCC_PREFIX_HEADER = "Practical2/Practical2-Prefix.pch";
				INFOPLIST_FILE = "Practical2/Practical2-Info.plist";
				PRODUCT_NAME = "$(TARGET_NAME)";
				WRAPPER_EXTENSION = app;
			};
			name = Release;
		};
/* End XCBuildConfiguration section */

/* Begin XCConfigurationList section */
		3FB564E1170110C200C74BB0 /* Build configuration list for PBXProject "Practical2" */ = {
			isa = XCConfigurationList;
			buildConfigurations = (
				3FB56509170110C200C74BB0 /* Debug */,
				3FB5650A170110C200C74BB0 /* Release */,
			);
			defaultConfigurationIsVisible = 0;
			defaultConfigurationName = Release;
		};
		3FB5650B170110C200C74BB0 /* Build configuration list for PBXNativeTarget "Practical2" */ = {
			isa = XCConfigurationList;
			buildConfigurations = (
				3FB5650C170110C200C74BB0 /* Debug */,
				3FB5650D170110C200C74BB0 /* Release */,
			);
			defaultConfigurationIsVisible = 0;
		};
/* End XCConfigurationList section */
	};
	rootObject = 3FB564DE170110C200C74BB0 /* Project object */;
}
