// !$*UTF8*$!
{
	archiveVersion = 1;
	classes = {
	};
	objectVersion = 46;
	objects = {

/* Begin PBXBuildFile section */
		3F4847401713A7390097429D /* UIKit.framework in Frameworks */ = {isa = PBXBuildFile; fileRef = 3F48473F1713A7390097429D /* UIKit.framework */; };
		3F4847421713A7390097429D /* Foundation.framework in Frameworks */ = {isa = PBXBuildFile; fileRef = 3F4847411713A7390097429D /* Foundation.framework */; };
		3F4847441713A7390097429D /* CoreGraphics.framework in Frameworks */ = {isa = PBXBuildFile; fileRef = 3F4847431713A7390097429D /* CoreGraphics.framework */; };
		3F48474A1713A7390097429D /* InfoPlist.strings in Resources */ = {isa = PBXBuildFile; fileRef = 3F4847481713A7390097429D /* InfoPlist.strings */; };
		3F48474C1713A7390097429D /* main.m in Sources */ = {isa = PBXBuildFile; fileRef = 3F48474B1713A7390097429D /* main.m */; };
		3F4847501713A7390097429D /* assignAppDelegate.m in Sources */ = {isa = PBXBuildFile; fileRef = 3F48474F1713A7390097429D /* assignAppDelegate.m */; };
		3F4847521713A7390097429D /* Default.png in Resources */ = {isa = PBXBuildFile; fileRef = 3F4847511713A7390097429D /* Default.png */; };
		3F4847541713A7390097429D /* Default@2x.png in Resources */ = {isa = PBXBuildFile; fileRef = 3F4847531713A7390097429D /* Default@2x.png */; };
		3F4847561713A7390097429D /* Default-568h@2x.png in Resources */ = {isa = PBXBuildFile; fileRef = 3F4847551713A7390097429D /* Default-568h@2x.png */; };
		3F4847591713A7390097429D /* gamesViewController.m in Sources */ = {isa = PBXBuildFile; fileRef = 3F4847581713A7390097429D /* gamesViewController.m */; };
		3F48475C1713A7390097429D /* gamesViewController.xib in Resources */ = {isa = PBXBuildFile; fileRef = 3F48475A1713A7390097429D /* gamesViewController.xib */; };
		3F4847631713A76E0097429D /* QuartzCore.framework in Frameworks */ = {isa = PBXBuildFile; fileRef = 3F4847621713A76E0097429D /* QuartzCore.framework */; };
		3F81B6C31725CFB500947A03 /* GamesViewController.m in Sources */ = {isa = PBXBuildFile; fileRef = 3F81B6C21725CFB500947A03 /* GamesViewController.m */; };
		3F81B6C61725D80500947A03 /* TableViewController.m in Sources */ = {isa = PBXBuildFile; fileRef = 3F81B6C51725D80400947A03 /* TableViewController.m */; };
		3F81B6CE1725DABB00947A03 /* BingoGame.m in Sources */ = {isa = PBXBuildFile; fileRef = 3F81B6CD1725DABB00947A03 /* BingoGame.m */; };
		3FD1B586171CDCFC00D25951 /* StatsViewController.m in Sources */ = {isa = PBXBuildFile; fileRef = 3FD1B584171CDCFC00D25951 /* StatsViewController.m */; };
		3FD1B587171CDCFC00D25951 /* StatsViewController.xib in Resources */ = {isa = PBXBuildFile; fileRef = 3FD1B585171CDCFC00D25951 /* StatsViewController.xib */; };
/* End PBXBuildFile section */

/* Begin PBXFileReference section */
		3F48473B1713A7390097429D /* Assignment7.app */ = {isa = PBXFileReference; explicitFileType = wrapper.application; includeInIndex = 0; path = Assignment7.app; sourceTree = BUILT_PRODUCTS_DIR; };
		3F48473F1713A7390097429D /* UIKit.framework */ = {isa = PBXFileReference; lastKnownFileType = wrapper.framework; name = UIKit.framework; path = System/Library/Frameworks/UIKit.framework; sourceTree = SDKROOT; };
		3F4847411713A7390097429D /* Foundation.framework */ = {isa = PBXFileReference; lastKnownFileType = wrapper.framework; name = Foundation.framework; path = System/Library/Frameworks/Foundation.framework; sourceTree = SDKROOT; };
		3F4847431713A7390097429D /* CoreGraphics.framework */ = {isa = PBXFileReference; lastKnownFileType = wrapper.framework; name = CoreGraphics.framework; path = System/Library/Frameworks/CoreGraphics.framework; sourceTree = SDKROOT; };
		3F4847471713A7390097429D /* Assignment7-Info.plist */ = {isa = PBXFileReference; lastKnownFileType = text.plist.xml; path = "Assignment7-Info.plist"; sourceTree = "<group>"; };
		3F4847491713A7390097429D /* en */ = {isa = PBXFileReference; lastKnownFileType = text.plist.strings; name = en; path = en.lproj/InfoPlist.strings; sourceTree = "<group>"; };
		3F48474B1713A7390097429D /* main.m */ = {isa = PBXFileReference; lastKnownFileType = sourcecode.c.objc; path = main.m; sourceTree = "<group>"; };
		3F48474D1713A7390097429D /* Assignment7-Prefix.pch */ = {isa = PBXFileReference; lastKnownFileType = sourcecode.c.h; path = "Assignment7-Prefix.pch"; sourceTree = "<group>"; };
		3F48474E1713A7390097429D /* assignAppDelegate.h */ = {isa = PBXFileReference; lastKnownFileType = sourcecode.c.h; path = assignAppDelegate.h; sourceTree = "<group>"; };
		3F48474F1713A7390097429D /* assignAppDelegate.m */ = {isa = PBXFileReference; lastKnownFileType = sourcecode.c.objc; path = assignAppDelegate.m; sourceTree = "<group>"; };
		3F4847511713A7390097429D /* Default.png */ = {isa = PBXFileReference; lastKnownFileType = image.png; path = Default.png; sourceTree = "<group>"; };
		3F4847531713A7390097429D /* Default@2x.png */ = {isa = PBXFileReference; lastKnownFileType = image.png; path = "Default@2x.png"; sourceTree = "<group>"; };
		3F4847551713A7390097429D /* Default-568h@2x.png */ = {isa = PBXFileReference; lastKnownFileType = image.png; path = "Default-568h@2x.png"; sourceTree = "<group>"; };
		3F4847571713A7390097429D /* gamesViewController.h */ = {isa = PBXFileReference; lastKnownFileType = sourcecode.c.h; path = gamesViewController.h; sourceTree = "<group>"; };
		3F4847581713A7390097429D /* gamesViewController.m */ = {isa = PBXFileReference; lastKnownFileType = sourcecode.c.objc; path = gamesViewController.m; sourceTree = "<group>"; };
		3F48475B1713A7390097429D /* en */ = {isa = PBXFileReference; lastKnownFileType = file.xib; name = en; path = en.lproj/gamesViewController.xib; sourceTree = "<group>"; };
		3F4847621713A76E0097429D /* QuartzCore.framework */ = {isa = PBXFileReference; lastKnownFileType = wrapper.framework; name = QuartzCore.framework; path = System/Library/Frameworks/QuartzCore.framework; sourceTree = SDKROOT; };
		3F81B6C11725CFB500947A03 /* GamesViewController.h */ = {isa = PBXFileReference; fileEncoding = 4; lastKnownFileType = sourcecode.c.h; name = GamesViewController.h; path = ../GamesViewController.h; sourceTree = "<group>"; };
		3F81B6C21725CFB500947A03 /* GamesViewController.m */ = {isa = PBXFileReference; fileEncoding = 4; lastKnownFileType = sourcecode.c.objc; name = GamesViewController.m; path = ../GamesViewController.m; sourceTree = "<group>"; };
		3F81B6C41725D80400947A03 /* TableViewController.h */ = {isa = PBXFileReference; fileEncoding = 4; lastKnownFileType = sourcecode.c.h; path = TableViewController.h; sourceTree = "<group>"; };
		3F81B6C51725D80400947A03 /* TableViewController.m */ = {isa = PBXFileReference; fileEncoding = 4; lastKnownFileType = sourcecode.c.objc; path = TableViewController.m; sourceTree = "<group>"; };
		3F81B6CC1725DABB00947A03 /* BingoGame.h */ = {isa = PBXFileReference; fileEncoding = 4; lastKnownFileType = sourcecode.c.h; path = BingoGame.h; sourceTree = "<group>"; };
		3F81B6CD1725DABB00947A03 /* BingoGame.m */ = {isa = PBXFileReference; fileEncoding = 4; lastKnownFileType = sourcecode.c.objc; path = BingoGame.m; sourceTree = "<group>"; };
		3FD1B583171CDCFC00D25951 /* StatsViewController.h */ = {isa = PBXFileReference; fileEncoding = 4; lastKnownFileType = sourcecode.c.h; path = StatsViewController.h; sourceTree = "<group>"; };
		3FD1B584171CDCFC00D25951 /* StatsViewController.m */ = {isa = PBXFileReference; fileEncoding = 4; lastKnownFileType = sourcecode.c.objc; path = StatsViewController.m; sourceTree = "<group>"; };
		3FD1B585171CDCFC00D25951 /* StatsViewController.xib */ = {isa = PBXFileReference; fileEncoding = 4; lastKnownFileType = file.xib; path = StatsViewController.xib; sourceTree = "<group>"; };
/* End PBXFileReference section */

/* Begin PBXFrameworksBuildPhase section */
		3F4847381713A7390097429D /* Frameworks */ = {
			isa = PBXFrameworksBuildPhase;
			buildActionMask = 2147483647;
			files = (
				3F4847631713A76E0097429D /* QuartzCore.framework in Frameworks */,
				3F4847401713A7390097429D /* UIKit.framework in Frameworks */,
				3F4847421713A7390097429D /* Foundation.framework in Frameworks */,
				3F4847441713A7390097429D /* CoreGraphics.framework in Frameworks */,
			);
			runOnlyForDeploymentPostprocessing = 0;
		};
/* End PBXFrameworksBuildPhase section */

/* Begin PBXGroup section */
		3F4847301713A7390097429D = {
			isa = PBXGroup;
			children = (
				3F4847621713A76E0097429D /* QuartzCore.framework */,
				3F4847451713A7390097429D /* Assignment7 */,
				3F48473E1713A7390097429D /* Frameworks */,
				3F48473C1713A7390097429D /* Products */,
			);
			sourceTree = "<group>";
		};
		3F48473C1713A7390097429D /* Products */ = {
			isa = PBXGroup;
			children = (
				3F48473B1713A7390097429D /* Assignment7.app */,
			);
			name = Products;
			sourceTree = "<group>";
		};
		3F48473E1713A7390097429D /* Frameworks */ = {
			isa = PBXGroup;
			children = (
				3F48473F1713A7390097429D /* UIKit.framework */,
				3F4847411713A7390097429D /* Foundation.framework */,
				3F4847431713A7390097429D /* CoreGraphics.framework */,
			);
			name = Frameworks;
			sourceTree = "<group>";
		};
		3F4847451713A7390097429D /* Assignment7 */ = {
			isa = PBXGroup;
			children = (
				3F81B6C71725D83500947A03 /* Old Data */,
				3F48474E1713A7390097429D /* assignAppDelegate.h */,
				3F48474F1713A7390097429D /* assignAppDelegate.m */,
				3F4847571713A7390097429D /* gamesViewController.h */,
				3F4847581713A7390097429D /* gamesViewController.m */,
				3F48475A1713A7390097429D /* gamesViewController.xib */,
				3FD1B583171CDCFC00D25951 /* StatsViewController.h */,
				3FD1B584171CDCFC00D25951 /* StatsViewController.m */,
				3FD1B585171CDCFC00D25951 /* StatsViewController.xib */,
				3F4847461713A7390097429D /* Supporting Files */,
				3F81B6C41725D80400947A03 /* TableViewController.h */,
				3F81B6C51725D80400947A03 /* TableViewController.m */,
				3F81B6CC1725DABB00947A03 /* BingoGame.h */,
				3F81B6CD1725DABB00947A03 /* BingoGame.m */,
			);
			path = Assignment7;
			sourceTree = "<group>";
		};
		3F4847461713A7390097429D /* Supporting Files */ = {
			isa = PBXGroup;
			children = (
				3F4847471713A7390097429D /* Assignment7-Info.plist */,
				3F4847481713A7390097429D /* InfoPlist.strings */,
				3F48474B1713A7390097429D /* main.m */,
				3F48474D1713A7390097429D /* Assignment7-Prefix.pch */,
				3F4847511713A7390097429D /* Default.png */,
				3F4847531713A7390097429D /* Default@2x.png */,
				3F4847551713A7390097429D /* Default-568h@2x.png */,
			);
			name = "Supporting Files";
			sourceTree = "<group>";
		};
		3F81B6C71725D83500947A03 /* Old Data */ = {
			isa = PBXGroup;
			children = (
				3F81B6C21725CFB500947A03 /* GamesViewController.m */,
				3F81B6C11725CFB500947A03 /* GamesViewController.h */,
			);
			name = "Old Data";
			sourceTree = "<group>";
		};
/* End PBXGroup section */

/* Begin PBXNativeTarget section */
		3F48473A1713A7390097429D /* Assignment7 */ = {
			isa = PBXNativeTarget;
			buildConfigurationList = 3F48475F1713A7390097429D /* Build configuration list for PBXNativeTarget "Assignment7" */;
			buildPhases = (
				3F4847371713A7390097429D /* Sources */,
				3F4847381713A7390097429D /* Frameworks */,
				3F4847391713A7390097429D /* Resources */,
			);
			buildRules = (
			);
			dependencies = (
			);
			name = Assignment7;
			productName = Assignment7;
			productReference = 3F48473B1713A7390097429D /* Assignment7.app */;
			productType = "com.apple.product-type.application";
		};
/* End PBXNativeTarget section */

/* Begin PBXProject section */
		3F4847321713A7390097429D /* Project object */ = {
			isa = PBXProject;
			attributes = {
				CLASSPREFIX = assign;
				LastUpgradeCheck = 0450;
				ORGANIZATIONNAME = "Cody Berndt";
			};
			buildConfigurationList = 3F4847351713A7390097429D /* Build configuration list for PBXProject "Assignment7" */;
			compatibilityVersion = "Xcode 3.2";
			developmentRegion = English;
			hasScannedForEncodings = 0;
			knownRegions = (
				en,
			);
			mainGroup = 3F4847301713A7390097429D;
			productRefGroup = 3F48473C1713A7390097429D /* Products */;
			projectDirPath = "";
			projectRoot = "";
			targets = (
				3F48473A1713A7390097429D /* Assignment7 */,
			);
		};
/* End PBXProject section */

/* Begin PBXResourcesBuildPhase section */
		3F4847391713A7390097429D /* Resources */ = {
			isa = PBXResourcesBuildPhase;
			buildActionMask = 2147483647;
			files = (
				3F48474A1713A7390097429D /* InfoPlist.strings in Resources */,
				3F4847521713A7390097429D /* Default.png in Resources */,
				3F4847541713A7390097429D /* Default@2x.png in Resources */,
				3F4847561713A7390097429D /* Default-568h@2x.png in Resources */,
				3F48475C1713A7390097429D /* gamesViewController.xib in Resources */,
				3FD1B587171CDCFC00D25951 /* StatsViewController.xib in Resources */,
			);
			runOnlyForDeploymentPostprocessing = 0;
		};
/* End PBXResourcesBuildPhase section */

/* Begin PBXSourcesBuildPhase section */
		3F4847371713A7390097429D /* Sources */ = {
			isa = PBXSourcesBuildPhase;
			buildActionMask = 2147483647;
			files = (
				3F48474C1713A7390097429D /* main.m in Sources */,
				3F4847501713A7390097429D /* assignAppDelegate.m in Sources */,
				3F4847591713A7390097429D /* gamesViewController.m in Sources */,
				3FD1B586171CDCFC00D25951 /* StatsViewController.m in Sources */,
				3F81B6C31725CFB500947A03 /* GamesViewController.m in Sources */,
				3F81B6C61725D80500947A03 /* TableViewController.m in Sources */,
				3F81B6CE1725DABB00947A03 /* BingoGame.m in Sources */,
			);
			runOnlyForDeploymentPostprocessing = 0;
		};
/* End PBXSourcesBuildPhase section */

/* Begin PBXVariantGroup section */
		3F4847481713A7390097429D /* InfoPlist.strings */ = {
			isa = PBXVariantGroup;
			children = (
				3F4847491713A7390097429D /* en */,
			);
			name = InfoPlist.strings;
			sourceTree = "<group>";
		};
		3F48475A1713A7390097429D /* gamesViewController.xib */ = {
			isa = PBXVariantGroup;
			children = (
				3F48475B1713A7390097429D /* en */,
			);
			name = gamesViewController.xib;
			sourceTree = "<group>";
		};
/* End PBXVariantGroup section */

/* Begin XCBuildConfiguration section */
		3F48475D1713A7390097429D /* Debug */ = {
			isa = XCBuildConfiguration;
			buildSettings = {
				ALWAYS_SEARCH_USER_PATHS = NO;
				CLANG_CXX_LANGUAGE_STANDARD = "gnu++0x";
				CLANG_CXX_LIBRARY = "libc++";
				CLANG_ENABLE_OBJC_ARC = YES;
				CLANG_WARN_EMPTY_BODY = YES;
				CLANG_WARN__DUPLICATE_METHOD_MATCH = YES;
				"CODE_SIGN_IDENTITY[sdk=iphoneos*]" = "iPhone Developer";
				COPY_PHASE_STRIP = NO;
				GCC_C_LANGUAGE_STANDARD = gnu99;
				GCC_DYNAMIC_NO_PIC = NO;
				GCC_OPTIMIZATION_LEVEL = 0;
				GCC_PREPROCESSOR_DEFINITIONS = (
					"DEBUG=1",
					"$(inherited)",
				);
				GCC_SYMBOLS_PRIVATE_EXTERN = NO;
				GCC_WARN_ABOUT_RETURN_TYPE = YES;
				GCC_WARN_UNINITIALIZED_AUTOS = YES;
				GCC_WARN_UNUSED_VARIABLE = YES;
				IPHONEOS_DEPLOYMENT_TARGET = 6.0;
				ONLY_ACTIVE_ARCH = YES;
				SDKROOT = iphoneos;
			};
			name = Debug;
		};
		3F48475E1713A7390097429D /* Release */ = {
			isa = XCBuildConfiguration;
			buildSettings = {
				ALWAYS_SEARCH_USER_PATHS = NO;
				CLANG_CXX_LANGUAGE_STANDARD = "gnu++0x";
				CLANG_CXX_LIBRARY = "libc++";
				CLANG_ENABLE_OBJC_ARC = YES;
				CLANG_WARN_EMPTY_BODY = YES;
				CLANG_WARN__DUPLICATE_METHOD_MATCH = YES;
				"CODE_SIGN_IDENTITY[sdk=iphoneos*]" = "iPhone Developer";
				COPY_PHASE_STRIP = YES;
				GCC_C_LANGUAGE_STANDARD = gnu99;
				GCC_WARN_ABOUT_RETURN_TYPE = YES;
				GCC_WARN_UNINITIALIZED_AUTOS = YES;
				GCC_WARN_UNUSED_VARIABLE = YES;
				IPHONEOS_DEPLOYMENT_TARGET = 6.0;
				OTHER_CFLAGS = "-DNS_BLOCK_ASSERTIONS=1";
				SDKROOT = iphoneos;
				VALIDATE_PRODUCT = YES;
			};
			name = Release;
		};
		3F4847601713A7390097429D /* Debug */ = {
			isa = XCBuildConfiguration;
			buildSettings = {
				CODE_SIGN_IDENTITY = "iPhone Developer";
				GCC_PRECOMPILE_PREFIX_HEADER = YES;
				GCC_PREFIX_HEADER = "Assignment7/Assignment7-Prefix.pch";
				INFOPLIST_FILE = "Assignment7/Assignment7-Info.plist";
				IPHONEOS_DEPLOYMENT_TARGET = 5.1;
				PRODUCT_NAME = "$(TARGET_NAME)";
				PROVISIONING_PROFILE = "";
				WRAPPER_EXTENSION = app;
			};
			name = Debug;
		};
		3F4847611713A7390097429D /* Release */ = {
			isa = XCBuildConfiguration;
			buildSettings = {
				CODE_SIGN_IDENTITY = "iPhone Developer";
				GCC_PRECOMPILE_PREFIX_HEADER = YES;
				GCC_PREFIX_HEADER = "Assignment7/Assignment7-Prefix.pch";
				INFOPLIST_FILE = "Assignment7/Assignment7-Info.plist";
				IPHONEOS_DEPLOYMENT_TARGET = 5.1;
				PRODUCT_NAME = "$(TARGET_NAME)";
				PROVISIONING_PROFILE = "";
				WRAPPER_EXTENSION = app;
			};
			name = Release;
		};
/* End XCBuildConfiguration section */

/* Begin XCConfigurationList section */
		3F4847351713A7390097429D /* Build configuration list for PBXProject "Assignment7" */ = {
			isa = XCConfigurationList;
			buildConfigurations = (
				3F48475D1713A7390097429D /* Debug */,
				3F48475E1713A7390097429D /* Release */,
			);
			defaultConfigurationIsVisible = 0;
			defaultConfigurationName = Release;
		};
		3F48475F1713A7390097429D /* Build configuration list for PBXNativeTarget "Assignment7" */ = {
			isa = XCConfigurationList;
			buildConfigurations = (
				3F4847601713A7390097429D /* Debug */,
				3F4847611713A7390097429D /* Release */,
			);
			defaultConfigurationIsVisible = 0;
			defaultConfigurationName = Release;
		};
/* End XCConfigurationList section */
	};
	rootObject = 3F4847321713A7390097429D /* Project object */;
}
